
Microsoft Visual Studio Solution File, Format Version 12.00
# Visual Studio 2012
Project("{FAE04EC0-301F-11D3-BF4B-00C04F79EFBC}") = "FileManager2", "FileManager2.csproj", "{52DFA73F-783E-44D9-977E-EFC999D22BEC}"
EndProject
Global
	GlobalSection(SolutionConfigurationPlatforms) = preSolution
		Debug|Any CPU = Debug|Any CPU
		Release|Any CPU = Release|Any CPU
	EndGlobalSection
	GlobalSection(ProjectConfigurationPlatforms) = postSolution
		{52DFA73F-783E-44D9-977E-EFC999D22BEC}.Debug|Any CPU.ActiveCfg = Debug|Any CPU
		{52DFA73F-783E-44D9-977E-EFC999D22BEC}.Debug|Any CPU.Build.0 = Debug|Any CPU
		{52DFA73F-783E-44D9-977E-EFC999D22BEC}.Release|Any CPU.ActiveCfg = Release|Any CPU
		{52DFA73F-783E-44D9-977E-EFC999D22BEC}.Release|Any CPU.Build.0 = Release|Any CPU
	EndGlobalSection
	GlobalSection(SolutionProperties) = preSolution
		HideSolutionNode = FALSE
	EndGlobalSection
EndGlobal
